// !$*UTF8*$!
{
	archiveVersion = 1;
	classes = {
	};
	objectVersion = 77;
	objects = {

/* Begin PBXBuildFile section */
		9B2889A82DC68E4400E5DB18 /* SVGView in Frameworks */ = {isa = PBXBuildFile; productRef = 9B2889A72DC68E4400E5DB18 /* SVGView */; };
		9B288A852DC722BF00E5DB18 /* ComfyCalendar in Frameworks */ = {isa = PBXBuildFile; productRef = 9B288A842DC722BF00E5DB18 /* ComfyCalendar */; };
		9B2A90062DE25AB500046186 /* CoreDisplay.framework in Frameworks */ = {isa = PBXBuildFile; fileRef = 9B2A90052DE25AB500046186 /* CoreDisplay.framework */; };
		9B2A92242DE29D8100046186 /* Sparkle in Frameworks */ = {isa = PBXBuildFile; productRef = 9B2A92232DE29D8100046186 /* Sparkle */; };
		9B707EEF2DE656F2000EA21E /* SQLite in Frameworks */ = {isa = PBXBuildFile; productRef = 9B707EEE2DE656F2000EA21E /* SQLite */; };
/* End PBXBuildFile section */

/* Begin PBXCopyFilesBuildPhase section */
		9BC3A5372DB2E78400FFD323 /* Embed Frameworks */ = {
			isa = PBXCopyFilesBuildPhase;
			buildActionMask = 2147483647;
			dstPath = "";
			dstSubfolderSpec = 10;
			files = (
			);
			name = "Embed Frameworks";
			runOnlyForDeploymentPostprocessing = 0;
		};
/* End PBXCopyFilesBuildPhase section */

/* Begin PBXFileReference section */
		9B2A90052DE25AB500046186 /* CoreDisplay.framework */ = {isa = PBXFileReference; lastKnownFileType = wrapper.framework; name = CoreDisplay.framework; path = ../../../../../System/Library/Frameworks/CoreDisplay.framework; sourceTree = "<group>"; };
		9BC3A4622DB1D40000FFD323 /* ComfyNotch.app */ = {isa = PBXFileReference; explicitFileType = wrapper.application; includeInIndex = 0; path = ComfyNotch.app; sourceTree = BUILT_PRODUCTS_DIR; };
/* End PBXFileReference section */

/* Begin PBXFileSystemSynchronizedBuildFileExceptionSet section */
		9BC3A4D32DB1DE2200FFD323 /* Exceptions for "ComfyNotch" folder in "ComfyNotch" target */ = {
			isa = PBXFileSystemSynchronizedBuildFileExceptionSet;
			membershipExceptions = (
				Config/Info.plist,
			);
			target = 9BC3A4612DB1D40000FFD323 /* ComfyNotch */;
		};
/* End PBXFileSystemSynchronizedBuildFileExceptionSet section */

/* Begin PBXFileSystemSynchronizedRootGroup section */
		9BC3A4642DB1D40000FFD323 /* ComfyNotch */ = {
			isa = PBXFileSystemSynchronizedRootGroup;
			exceptions = (
				9BC3A4D32DB1DE2200FFD323 /* Exceptions for "ComfyNotch" folder in "ComfyNotch" target */,
			);
			explicitFolders = (
				Assets,
			);
			path = ComfyNotch;
			sourceTree = "<group>";
		};
/* End PBXFileSystemSynchronizedRootGroup section */

/* Begin PBXFrameworksBuildPhase section */
		9BC3A45F2DB1D40000FFD323 /* Frameworks */ = {
			isa = PBXFrameworksBuildPhase;
			buildActionMask = 2147483647;
			files = (
				9B707EEF2DE656F2000EA21E /* SQLite in Frameworks */,
				9B2A90062DE25AB500046186 /* CoreDisplay.framework in Frameworks */,
				9B2A92242DE29D8100046186 /* Sparkle in Frameworks */,
				9B2889A82DC68E4400E5DB18 /* SVGView in Frameworks */,
				9B288A852DC722BF00E5DB18 /* ComfyCalendar in Frameworks */,
			);
			runOnlyForDeploymentPostprocessing = 0;
		};
/* End PBXFrameworksBuildPhase section */

/* Begin PBXGroup section */
		9BC3A4592DB1D40000FFD323 = {
			isa = PBXGroup;
			children = (
				9BC3A4642DB1D40000FFD323 /* ComfyNotch */,
				9BC3A5352DB2E77000FFD323 /* Frameworks */,
				9BC3A4632DB1D40000FFD323 /* Products */,
			);
			sourceTree = "<group>";
		};
		9BC3A4632DB1D40000FFD323 /* Products */ = {
			isa = PBXGroup;
			children = (
				9BC3A4622DB1D40000FFD323 /* ComfyNotch.app */,
			);
			name = Products;
			sourceTree = "<group>";
		};
		9BC3A5352DB2E77000FFD323 /* Frameworks */ = {
			isa = PBXGroup;
			children = (
				9B2A90052DE25AB500046186 /* CoreDisplay.framework */,
			);
			name = Frameworks;
			sourceTree = "<group>";
		};
/* End PBXGroup section */

/* Begin PBXNativeTarget section */
		9BC3A4612DB1D40000FFD323 /* ComfyNotch */ = {
			isa = PBXNativeTarget;
			buildConfigurationList = 9BC3A4712DB1D40200FFD323 /* Build configuration list for PBXNativeTarget "ComfyNotch" */;
			buildPhases = (
				9BC3A45E2DB1D40000FFD323 /* Sources */,
				9BC3A45F2DB1D40000FFD323 /* Frameworks */,
				9BC3A4602DB1D40000FFD323 /* Resources */,
				9BC3A5372DB2E78400FFD323 /* Embed Frameworks */,
			);
			buildRules = (
			);
			dependencies = (
			);
			fileSystemSynchronizedGroups = (
				9BC3A4642DB1D40000FFD323 /* ComfyNotch */,
			);
			name = ComfyNotch;
			packageProductDependencies = (
				9B2889A72DC68E4400E5DB18 /* SVGView */,
				9B288A842DC722BF00E5DB18 /* ComfyCalendar */,
				9B2A92232DE29D8100046186 /* Sparkle */,
				9B707EEE2DE656F2000EA21E /* SQLite */,
			);
			productName = ComfyNotch;
			productReference = 9BC3A4622DB1D40000FFD323 /* ComfyNotch.app */;
			productType = "com.apple.product-type.application";
		};
/* End PBXNativeTarget section */

/* Begin PBXProject section */
		9BC3A45A2DB1D40000FFD323 /* Project object */ = {
			isa = PBXProject;
			attributes = {
				BuildIndependentTargetsInParallel = 1;
				LastSwiftUpdateCheck = 1620;
				LastUpgradeCheck = 1620;
				TargetAttributes = {
					9BC3A4612DB1D40000FFD323 = {
						CreatedOnToolsVersion = 16.2;
						LastSwiftMigration = 1620;
					};
				};
			};
			buildConfigurationList = 9BC3A45D2DB1D40000FFD323 /* Build configuration list for PBXProject "ComfyNotch" */;
			developmentRegion = en;
			hasScannedForEncodings = 0;
			knownRegions = (
				en,
				Base,
			);
			mainGroup = 9BC3A4592DB1D40000FFD323;
			minimizedProjectReferenceProxies = 1;
			packageReferences = (
				9B2889A62DC68E4400E5DB18 /* XCRemoteSwiftPackageReference "SVGView" */,
				9B288A832DC722BF00E5DB18 /* XCLocalSwiftPackageReference "../ComfyCalendar" */,
				9B2A92222DE29D8100046186 /* XCRemoteSwiftPackageReference "Sparkle" */,
				9B707EED2DE656F2000EA21E /* XCRemoteSwiftPackageReference "SQLite" */,
			);
			preferredProjectObjectVersion = 77;
			productRefGroup = 9BC3A4632DB1D40000FFD323 /* Products */;
			projectDirPath = "";
			projectRoot = "";
			targets = (
				9BC3A4612DB1D40000FFD323 /* ComfyNotch */,
			);
		};
/* End PBXProject section */

/* Begin PBXResourcesBuildPhase section */
		9BC3A4602DB1D40000FFD323 /* Resources */ = {
			isa = PBXResourcesBuildPhase;
			buildActionMask = 2147483647;
			files = (
			);
			runOnlyForDeploymentPostprocessing = 0;
		};
/* End PBXResourcesBuildPhase section */

/* Begin PBXSourcesBuildPhase section */
		9BC3A45E2DB1D40000FFD323 /* Sources */ = {
			isa = PBXSourcesBuildPhase;
			buildActionMask = 2147483647;
			files = (
			);
			runOnlyForDeploymentPostprocessing = 0;
		};
/* End PBXSourcesBuildPhase section */

/* Begin XCBuildConfiguration section */
		9BC3A46F2DB1D40200FFD323 /* Debug */ = {
			isa = XCBuildConfiguration;
			buildSettings = {
				ALWAYS_SEARCH_USER_PATHS = NO;
				ASSETCATALOG_COMPILER_GENERATE_SWIFT_ASSET_SYMBOL_EXTENSIONS = YES;
				CLANG_ANALYZER_NONNULL = YES;
				CLANG_ANALYZER_NUMBER_OBJECT_CONVERSION = YES_AGGRESSIVE;
				CLANG_CXX_LANGUAGE_STANDARD = "gnu++20";
				CLANG_ENABLE_MODULES = YES;
				CLANG_ENABLE_OBJC_ARC = YES;
				CLANG_ENABLE_OBJC_WEAK = YES;
				CLANG_WARN_BLOCK_CAPTURE_AUTORELEASING = YES;
				CLANG_WARN_BOOL_CONVERSION = YES;
				CLANG_WARN_COMMA = YES;
				CLANG_WARN_CONSTANT_CONVERSION = YES;
				CLANG_WARN_DEPRECATED_OBJC_IMPLEMENTATIONS = YES;
				CLANG_WARN_DIRECT_OBJC_ISA_USAGE = YES_ERROR;
				CLANG_WARN_DOCUMENTATION_COMMENTS = YES;
				CLANG_WARN_EMPTY_BODY = YES;
				CLANG_WARN_ENUM_CONVERSION = YES;
				CLANG_WARN_INFINITE_RECURSION = YES;
				CLANG_WARN_INT_CONVERSION = YES;
				CLANG_WARN_NON_LITERAL_NULL_CONVERSION = YES;
				CLANG_WARN_OBJC_IMPLICIT_RETAIN_SELF = YES;
				CLANG_WARN_OBJC_LITERAL_CONVERSION = YES;
				CLANG_WARN_OBJC_ROOT_CLASS = YES_ERROR;
				CLANG_WARN_QUOTED_INCLUDE_IN_FRAMEWORK_HEADER = YES;
				CLANG_WARN_RANGE_LOOP_ANALYSIS = YES;
				CLANG_WARN_STRICT_PROTOTYPES = YES;
				CLANG_WARN_SUSPICIOUS_MOVE = YES;
				CLANG_WARN_UNGUARDED_AVAILABILITY = YES_AGGRESSIVE;
				CLANG_WARN_UNREACHABLE_CODE = YES;
				CLANG_WARN__DUPLICATE_METHOD_MATCH = YES;
				COPY_PHASE_STRIP = NO;
				DEBUG_INFORMATION_FORMAT = dwarf;
				ENABLE_STRICT_OBJC_MSGSEND = YES;
				ENABLE_TESTABILITY = YES;
				ENABLE_USER_SCRIPT_SANDBOXING = YES;
				GCC_C_LANGUAGE_STANDARD = gnu17;
				GCC_DYNAMIC_NO_PIC = NO;
				GCC_NO_COMMON_BLOCKS = YES;
				GCC_OPTIMIZATION_LEVEL = 0;
				GCC_PREPROCESSOR_DEFINITIONS = (
					"DEBUG=1",
					"$(inherited)",
				);
				GCC_WARN_64_TO_32_BIT_CONVERSION = YES;
				GCC_WARN_ABOUT_RETURN_TYPE = YES_ERROR;
				GCC_WARN_UNDECLARED_SELECTOR = YES;
				GCC_WARN_UNINITIALIZED_AUTOS = YES_AGGRESSIVE;
				GCC_WARN_UNUSED_FUNCTION = YES;
				GCC_WARN_UNUSED_VARIABLE = YES;
				LOCALIZATION_PREFERS_STRING_CATALOGS = YES;
				MACOSX_DEPLOYMENT_TARGET = 15.2;
				MTL_ENABLE_DEBUG_INFO = INCLUDE_SOURCE;
				MTL_FAST_MATH = YES;
				ONLY_ACTIVE_ARCH = YES;
				SDKROOT = macosx;
				SWIFT_ACTIVE_COMPILATION_CONDITIONS = "DEBUG $(inherited)";
				SWIFT_OPTIMIZATION_LEVEL = "-Onone";
			};
			name = Debug;
		};
		9BC3A4702DB1D40200FFD323 /* Release */ = {
			isa = XCBuildConfiguration;
			buildSettings = {
				ALWAYS_SEARCH_USER_PATHS = NO;
				ASSETCATALOG_COMPILER_GENERATE_SWIFT_ASSET_SYMBOL_EXTENSIONS = YES;
				CLANG_ANALYZER_NONNULL = YES;
				CLANG_ANALYZER_NUMBER_OBJECT_CONVERSION = YES_AGGRESSIVE;
				CLANG_CXX_LANGUAGE_STANDARD = "gnu++20";
				CLANG_ENABLE_MODULES = YES;
				CLANG_ENABLE_OBJC_ARC = YES;
				CLANG_ENABLE_OBJC_WEAK = YES;
				CLANG_WARN_BLOCK_CAPTURE_AUTORELEASING = YES;
				CLANG_WARN_BOOL_CONVERSION = YES;
				CLANG_WARN_COMMA = YES;
				CLANG_WARN_CONSTANT_CONVERSION = YES;
				CLANG_WARN_DEPRECATED_OBJC_IMPLEMENTATIONS = YES;
				CLANG_WARN_DIRECT_OBJC_ISA_USAGE = YES_ERROR;
				CLANG_WARN_DOCUMENTATION_COMMENTS = YES;
				CLANG_WARN_EMPTY_BODY = YES;
				CLANG_WARN_ENUM_CONVERSION = YES;
				CLANG_WARN_INFINITE_RECURSION = YES;
				CLANG_WARN_INT_CONVERSION = YES;
				CLANG_WARN_NON_LITERAL_NULL_CONVERSION = YES;
				CLANG_WARN_OBJC_IMPLICIT_RETAIN_SELF = YES;
				CLANG_WARN_OBJC_LITERAL_CONVERSION = YES;
				CLANG_WARN_OBJC_ROOT_CLASS = YES_ERROR;
				CLANG_WARN_QUOTED_INCLUDE_IN_FRAMEWORK_HEADER = YES;
				CLANG_WARN_RANGE_LOOP_ANALYSIS = YES;
				CLANG_WARN_STRICT_PROTOTYPES = YES;
				CLANG_WARN_SUSPICIOUS_MOVE = YES;
				CLANG_WARN_UNGUARDED_AVAILABILITY = YES_AGGRESSIVE;
				CLANG_WARN_UNREACHABLE_CODE = YES;
				CLANG_WARN__DUPLICATE_METHOD_MATCH = YES;
				COPY_PHASE_STRIP = NO;
				DEBUG_INFORMATION_FORMAT = "dwarf-with-dsym";
				ENABLE_NS_ASSERTIONS = NO;
				ENABLE_STRICT_OBJC_MSGSEND = YES;
				ENABLE_USER_SCRIPT_SANDBOXING = YES;
				GCC_C_LANGUAGE_STANDARD = gnu17;
				GCC_NO_COMMON_BLOCKS = YES;
				GCC_WARN_64_TO_32_BIT_CONVERSION = YES;
				GCC_WARN_ABOUT_RETURN_TYPE = YES_ERROR;
				GCC_WARN_UNDECLARED_SELECTOR = YES;
				GCC_WARN_UNINITIALIZED_AUTOS = YES_AGGRESSIVE;
				GCC_WARN_UNUSED_FUNCTION = YES;
				GCC_WARN_UNUSED_VARIABLE = YES;
				LOCALIZATION_PREFERS_STRING_CATALOGS = YES;
				MACOSX_DEPLOYMENT_TARGET = 15.2;
				MTL_ENABLE_DEBUG_INFO = NO;
				MTL_FAST_MATH = YES;
				SDKROOT = macosx;
				SWIFT_COMPILATION_MODE = wholemodule;
			};
			name = Release;
		};
		9BC3A4722DB1D40200FFD323 /* Debug */ = {
			isa = XCBuildConfiguration;
			buildSettings = {
				ASSETCATALOG_COMPILER_APPICON_NAME = AppIcon;
				ASSETCATALOG_COMPILER_GLOBAL_ACCENT_COLOR_NAME = AccentColor;
				CLANG_ENABLE_MODULES = YES;
				CODE_SIGN_ENTITLEMENTS = ComfyNotch/Config/ComfyNotch.entitlements;
				CODE_SIGN_STYLE = Automatic;
				COMBINE_HIDPI_IMAGES = YES;
				CURRENT_PROJECT_VERSION = 9;
				DEVELOPMENT_TEAM = B9P888266K;
				ENABLE_HARDENED_RUNTIME = YES;
				ENABLE_PREVIEWS = YES;
				FRAMEWORK_SEARCH_PATHS = /System/Library/Frameworks;
				GENERATE_INFOPLIST_FILE = YES;
				INFOPLIST_FILE = ComfyNotch/Config/Info.plist;
				INFOPLIST_KEY_CFBundleDisplayName = ComfyNotch;
				INFOPLIST_KEY_LSApplicationCategoryType = "public.app-category.utilities";
				INFOPLIST_KEY_LSUIElement = YES;
				INFOPLIST_KEY_NSAppleEventsUsageDescription = "we use this to observe system notifications and media playback";
				INFOPLIST_KEY_NSBluetoothAlwaysUsageDescription = "we use this to help you connect to your bluetooth devices faster";
				INFOPLIST_KEY_NSCameraUsageDescription = "This app uses the camera for widget-related features.";
				INFOPLIST_KEY_NSHumanReadableCopyright = "";
				INFOPLIST_KEY_NSPrincipalClass = NSApplication;
				LD_RUNPATH_SEARCH_PATHS = (
					"$(inherited)",
					"@executable_path/../Frameworks",
				);
				MACOSX_DEPLOYMENT_TARGET = 14;
				MARKETING_VERSION = 0.1.15;
				OTHER_LDFLAGS = "\"-undefined dynamic_lookup\"";
				PRODUCT_BUNDLE_IDENTIFIER = app.aryanrogye.ComfyNotch;
				PRODUCT_NAME = "$(TARGET_NAME)";
				SWIFT_EMIT_LOC_STRINGS = YES;
				SWIFT_OBJC_BRIDGING_HEADER = "ComfyNotch/Managers/Brightness/ComfyNotch-Bridging-Header.h";
				SWIFT_OPTIMIZATION_LEVEL = "-Onone";
				SWIFT_VERSION = 5.0;
			};
			name = Debug;
		};
		9BC3A4732DB1D40200FFD323 /* Release */ = {
			isa = XCBuildConfiguration;
			buildSettings = {
				ASSETCATALOG_COMPILER_APPICON_NAME = AppIcon;
				ASSETCATALOG_COMPILER_GLOBAL_ACCENT_COLOR_NAME = AccentColor;
				CLANG_ENABLE_MODULES = YES;
				CODE_SIGN_ENTITLEMENTS = ComfyNotch/Config/ComfyNotch.entitlements;
				CODE_SIGN_STYLE = Automatic;
				COMBINE_HIDPI_IMAGES = YES;
				CURRENT_PROJECT_VERSION = 9;
				DEVELOPMENT_TEAM = B9P888266K;
				ENABLE_HARDENED_RUNTIME = YES;
				ENABLE_PREVIEWS = YES;
				FRAMEWORK_SEARCH_PATHS = /System/Library/Frameworks;
				GENERATE_INFOPLIST_FILE = YES;
				INFOPLIST_FILE = ComfyNotch/Config/Info.plist;
				INFOPLIST_KEY_CFBundleDisplayName = ComfyNotch;
				INFOPLIST_KEY_LSApplicationCategoryType = "public.app-category.utilities";
				INFOPLIST_KEY_LSUIElement = YES;
				INFOPLIST_KEY_NSAppleEventsUsageDescription = "we use this to observe system notifications and media playback";
				INFOPLIST_KEY_NSBluetoothAlwaysUsageDescription = "we use this to help you connect to your bluetooth devices faster";
				INFOPLIST_KEY_NSCameraUsageDescription = "This app uses the camera for widget-related features.";
				INFOPLIST_KEY_NSHumanReadableCopyright = "";
				INFOPLIST_KEY_NSPrincipalClass = NSApplication;
				LD_RUNPATH_SEARCH_PATHS = (
					"$(inherited)",
					"@executable_path/../Frameworks",
				);
				MACOSX_DEPLOYMENT_TARGET = 14;
				MARKETING_VERSION = 0.1.15;
				OTHER_LDFLAGS = "\"-undefined dynamic_lookup\"";
				PRODUCT_BUNDLE_IDENTIFIER = app.aryanrogye.ComfyNotch;
				PRODUCT_NAME = "$(TARGET_NAME)";
				SWIFT_EMIT_LOC_STRINGS = YES;
				SWIFT_OBJC_BRIDGING_HEADER = "ComfyNotch/Managers/Brightness/ComfyNotch-Bridging-Header.h";
				SWIFT_VERSION = 5.0;
			};
			name = Release;
		};
/* End XCBuildConfiguration section */

/* Begin XCConfigurationList section */
		9BC3A45D2DB1D40000FFD323 /* Build configuration list for PBXProject "ComfyNotch" */ = {
			isa = XCConfigurationList;
			buildConfigurations = (
				9BC3A46F2DB1D40200FFD323 /* Debug */,
				9BC3A4702DB1D40200FFD323 /* Release */,
			);
			defaultConfigurationIsVisible = 0;
			defaultConfigurationName = Release;
		};
		9BC3A4712DB1D40200FFD323 /* Build configuration list for PBXNativeTarget "ComfyNotch" */ = {
			isa = XCConfigurationList;
			buildConfigurations = (
				9BC3A4722DB1D40200FFD323 /* Debug */,
				9BC3A4732DB1D40200FFD323 /* Release */,
			);
			defaultConfigurationIsVisible = 0;
			defaultConfigurationName = Release;
		};
/* End XCConfigurationList section */

/* Begin XCLocalSwiftPackageReference section */
		9B288A832DC722BF00E5DB18 /* XCLocalSwiftPackageReference "../ComfyCalendar" */ = {
			isa = XCLocalSwiftPackageReference;
			relativePath = ../ComfyCalendar;
		};
/* End XCLocalSwiftPackageReference section */

/* Begin XCRemoteSwiftPackageReference section */
		9B2889A62DC68E4400E5DB18 /* XCRemoteSwiftPackageReference "SVGView" */ = {
			isa = XCRemoteSwiftPackageReference;
			repositoryURL = "https://github.com/exyte/SVGView";
			requirement = {
				kind = upToNextMajorVersion;
				minimumVersion = 1.0.6;
			};
		};
		9B2A92222DE29D8100046186 /* XCRemoteSwiftPackageReference "Sparkle" */ = {
			isa = XCRemoteSwiftPackageReference;
			repositoryURL = "https://github.com/sparkle-project/Sparkle";
			requirement = {
				kind = upToNextMajorVersion;
				minimumVersion = 2.7.0;
			};
		};
		9B707EED2DE656F2000EA21E /* XCRemoteSwiftPackageReference "SQLite" */ = {
			isa = XCRemoteSwiftPackageReference;
			repositoryURL = "https://github.com/stephencelis/SQLite.swift";
			requirement = {
				kind = upToNextMajorVersion;
				minimumVersion = 0.15.3;
			};
		};
/* End XCRemoteSwiftPackageReference section */

/* Begin XCSwiftPackageProductDependency section */
		9B2889A72DC68E4400E5DB18 /* SVGView */ = {
			isa = XCSwiftPackageProductDependency;
			package = 9B2889A62DC68E4400E5DB18 /* XCRemoteSwiftPackageReference "SVGView" */;
			productName = SVGView;
		};
		9B288A842DC722BF00E5DB18 /* ComfyCalendar */ = {
			isa = XCSwiftPackageProductDependency;
			productName = ComfyCalendar;
		};
		9B2A92232DE29D8100046186 /* Sparkle */ = {
			isa = XCSwiftPackageProductDependency;
			package = 9B2A92222DE29D8100046186 /* XCRemoteSwiftPackageReference "Sparkle" */;
			productName = Sparkle;
		};
		9B707EEE2DE656F2000EA21E /* SQLite */ = {
			isa = XCSwiftPackageProductDependency;
			package = 9B707EED2DE656F2000EA21E /* XCRemoteSwiftPackageReference "SQLite" */;
			productName = SQLite;
		};
/* End XCSwiftPackageProductDependency section */
	};
	rootObject = 9BC3A45A2DB1D40000FFD323 /* Project object */;
}
